
Microsoft Visual Studio Solution File, Format Version 12.00
# Visual Studio 15
VisualStudioVersion = 15.0.28307.1145
MinimumVisualStudioVersion = 10.0.40219.1
Project("{FAE04EC0-301F-11D3-BF4B-00C04F79EFBC}") = "DigitalPostOCM", "DigitalPostOCM\DigitalPostOCM.csproj", "{1160FB28-DCA0-4124-8D28-D0A9C55442DE}"
EndProject
Global
	GlobalSection(SolutionConfigurationPlatforms) = preSolution
		Debug|Any CPU = Debug|Any CPU
		Release|Any CPU = Release|Any CPU
	EndGlobalSection
	GlobalSection(ProjectConfigurationPlatforms) = postSolution
		{1160FB28-DCA0-4124-8D28-D0A9C55442DE}.Debug|Any CPU.ActiveCfg = Debug|Any CPU
		{1160FB28-DCA0-4124-8D28-D0A9C55442DE}.Debug|Any CPU.Build.0 = Debug|Any CPU
		{1160FB28-DCA0-4124-8D28-D0A9C55442DE}.Release|Any CPU.ActiveCfg = Release|Any CPU
		{1160FB28-DCA0-4124-8D28-D0A9C55442DE}.Release|Any CPU.Build.0 = Release|Any CPU
	EndGlobalSection
	GlobalSection(SolutionProperties) = preSolution
		HideSolutionNode = FALSE
	EndGlobalSection
	GlobalSection(ExtensibilityGlobals) = postSolution
		SolutionGuid = {08EE55AA-B839-49E9-A1A7-66663F9136E7}
	EndGlobalSection
EndGlobal
